{
  "name": "@nafura/platform-web",
  "version": "0.0.0",
  "lockfileVersion": 3,
  "requires": true,
  "packages": {
    "": {
      "name": "@nafura/platform-web",
      "version": "0.0.0",
      "dependencies": {
        "@angular/animations": "^22.0.0",
        "@angular/cdk": "^22.0.0",
        "@angular/common": "^22.0.0",
        "@angular/core": "^22.0.0",
        "@angular/forms": "^22.0.0",
        "@angular/material": "^22.0.0",
        "@angular/platform-browser": "^22.0.0",
        "@angular/router": "^22.0.0",
        "@ngx-translate/core": "^15.0.0",
        "chart.js": "^4.5.1",
        "lucide-angular": "^0.563.0",
        "ng2-charts": "^8.0.0",
        "ngx-translate-messageformat-compiler": "^7.2.0",
        "primeng": "^22.0.0",
        "rxjs": "~7.8.1"
      },
      "peerDependencies": {
        "@angular/animations": "^22.0.0",
        "@angular/cdk": "^22.0.0",
        "@angular/common": "^22.0.0",
        "@angular/core": "^22.0.0",
        "@angular/forms": "^22.0.0",
        "@angular/material": "^22.0.0",
        "@angular/platform-browser": "^22.0.0",
        "@angular/router": "^22.0.0",
        "@ngx-translate/core": "^15.0.0",
        "chart.js": "^4.5.1",
        "lucide-angular": "^0.563.0",
        "ng2-charts": "^8.0.0",
        "ngx-translate-messageformat-compiler": "^7.2.0",
        "primeng": "^22.0.0",
        "rxjs": "~7.8.1"
      }
    },
    "node_modules/@angular/animations": {
      "version": "22.1.2",
      "resolved": "https://registry.npmjs.org/@angular/animations/-/animations-22.1.2.tgz",
      "integrity": "sha512-SHvopFG8I92isKE6lgoWVVmmt6fSGKt76bfrBuJ9qvrKWYqWmWUh87Z5J3XRPUM8zdzuEkXjcTbn+GTGOGRiaA==",
      "license": "MIT",
      "dependencies": {
        "tslib": "^2.3.0"
      },
      "engines": {
        "node": "^22.22.3 || ^24.15.0 || >=26.0.0"
      },
      "peerDependencies": {
        "@angular/core": "22.1.2"
      }
    },
    "node_modules/@angular/cdk": {
      "version": "22.1.2",
      "resolved": "https://registry.npmjs.org/@angular/cdk/-/cdk-22.1.2.tgz",
      "integrity": "sha512-YwTzVnTgZIQDLq3lnnPLINIB24e0SiDn7XxBxHSrOzD/+Y0zLAid5XIiMALXWOqa7rfdhfVh1kEeM93RRLnllQ==",
      "license": "MIT",
      "dependencies": {
        "parse5": "^8.0.0",
        "tslib": "^2.3.0"
      },
      "peerDependencies": {
        "@angular/common": "^22.0.0 || ^23.0.0",
        "@angular/core": "^22.0.0 || ^23.0.0",
        "@angular/platform-browser": "^22.0.0 || ^23.0.0",
        "rxjs": "^6.5.3 || ^7.4.0"
      }
    },
    "node_modules/@angular/common": {
      "version": "22.1.2",
      "resolved": "https://registry.npmjs.org/@angular/common/-/common-22.1.2.tgz",
      "integrity": "sha512-8TzyYPBDvSItV8Vqq8k5u8a9fWaomC9bMEr8z1vVLRZDIPhNQ/UcCyuTYbC7GZkeqrrKGu5m8tjUrA09RCwuaQ==",
      "license": "MIT",
      "dependencies": {
        "tslib": "^2.3.0"
      },
      "engines": {
        "node": "^22.22.3 || ^24.15.0 || >=26.0.0"
      },
      "peerDependencies": {
        "@angular/core": "22.1.2",
        "rxjs": "^6.5.3 || ^7.4.0"
      }
    },
    "node_modules/@angular/core": {
      "version": "22.1.2",
      "resolved": "https://registry.npmjs.org/@angular/core/-/core-22.1.2.tgz",
      "integrity": "sha512-t7BrgfdeqbdSbFe3CsGX8ySMeKDlZNBPxFMCOanAAqd6W0H1Kh1WFILBs3DIg0NfjpybfSRJAzKcagOFQWNtiw==",
      "license": "MIT",
      "dependencies": {
        "tslib": "^2.3.0"
      },
      "engines": {
        "node": "^22.22.3 || ^24.15.0 || >=26.0.0"
      },
      "peerDependencies": {
        "@angular/compiler": "22.1.2",
        "rxjs": "^6.5.3 || ^7.4.0",
        "zone.js": "~0.15.0 || ~0.16.0"
      },
      "peerDependenciesMeta": {
        "@angular/compiler": {
          "optional": true
        },
        "zone.js": {
          "optional": true
        }
      }
    },
    "node_modules/@angular/forms": {
      "version": "22.1.2",
      "resolved": "https://registry.npmjs.org/@angular/forms/-/forms-22.1.2.tgz",
      "integrity": "sha512-pKDYSNKje/jox74KzswBdX4sL7kJ8OFkJwLnqng8oc7a/NVl/Vf4/Xq4kyowRAdtPcZfLTUnZG6s0qbegfV5mg==",
      "license": "MIT",
      "dependencies": {
        "@standard-schema/spec": "^1.0.0",
        "tslib": "^2.3.0",
        "zod": "^4.0.10"
      },
      "engines": {
        "node": "^22.22.3 || ^24.15.0 || >=26.0.0"
      },
      "peerDependencies": {
        "@angular/common": "22.1.2",
        "@angular/core": "22.1.2",
        "@angular/platform-browser": "22.1.2",
        "rxjs": "^6.5.3 || ^7.4.0"
      }
    },
    "node_modules/@angular/material": {
      "version": "22.1.2",
      "resolved": "https://registry.npmjs.org/@angular/material/-/material-22.1.2.tgz",
      "integrity": "sha512-KX0bVUppfwjDfUepsjpG1CAQGUGHI0l5e0QYpFcskB+1wNRCocBGsIO1br5z6neYu0rzsbhtWocjCeH05gwi7w==",
      "license": "MIT",
      "dependencies": {
        "tslib": "^2.3.0"
      },
      "peerDependencies": {
        "@angular/cdk": "22.1.2",
        "@angular/common": "^22.0.0 || ^23.0.0",
        "@angular/core": "^22.0.0 || ^23.0.0",
        "@angular/forms": "^22.0.0 || ^23.0.0",
        "@angular/platform-browser": "^22.0.0 || ^23.0.0",
        "rxjs": "^6.5.3 || ^7.4.0"
      }
    },
    "node_modules/@angular/platform-browser": {
      "version": "22.1.2",
      "resolved": "https://registry.npmjs.org/@angular/platform-browser/-/platform-browser-22.1.2.tgz",
      "integrity": "sha512-MQO735ve/tk4gLsWbw8NyBD/DxPfbbmf1pM/vp6K7tZz2xyysMXilqF/k8PBdQBZVOofST8S13inZHQ35nHuRA==",
      "license": "MIT",
      "dependencies": {
        "tslib": "^2.3.0"
      },
      "engines": {
        "node": "^22.22.3 || ^24.15.0 || >=26.0.0"
      },
      "peerDependencies": {
        "@angular/animations": "22.1.2",
        "@angular/common": "22.1.2",
        "@angular/core": "22.1.2"
      },
      "peerDependenciesMeta": {
        "@angular/animations": {
          "optional": true
        }
      }
    },
    "node_modules/@angular/router": {
      "version": "22.1.2",
      "resolved": "https://registry.npmjs.org/@angular/router/-/router-22.1.2.tgz",
      "integrity": "sha512-C2c6NJ9HZUfb1L07M554Zpgvi0TvpOBO6Og9L36v/jsv42m7tpOenvqQVPa8R3va7eqLEszCL7wLFcWeJ8naew==",
      "license": "MIT",
      "dependencies": {
        "tslib": "^2.3.0"
      },
      "engines": {
        "node": "^22.22.3 || ^24.15.0 || >=26.0.0"
      },
      "peerDependencies": {
        "@angular/common": "22.1.2",
        "@angular/core": "22.1.2",
        "@angular/platform-browser": "22.1.2",
        "rxjs": "^6.5.3 || ^7.4.0"
      }
    },
    "node_modules/@kurkle/color": {
      "version": "0.3.4",
      "resolved": "https://registry.npmjs.org/@kurkle/color/-/color-0.3.4.tgz",
      "integrity": "sha512-M5UknZPHRu3DEDWoipU6sE8PdkZ6Z/S+v4dD+Ke8IaNlpdSQah50lz1KtcFBa2vsdOnwbbnxJwVM4wty6udA5w==",
      "license": "MIT"
    },
    "node_modules/@ngx-translate/core": {
      "version": "15.0.0",
      "resolved": "https://registry.npmjs.org/@ngx-translate/core/-/core-15.0.0.tgz",
      "integrity": "sha512-Am5uiuR0bOOxyoercDnAA3rJVizo4RRqJHo8N3RqJ+XfzVP/I845yEnMADykOHvM6HkVm4SZSnJBOiz0Anx5BA==",
      "license": "SEE LICENSE IN LICENSE",
      "engines": {
        "node": "^16.13.0 || >=18.10.0"
      },
      "peerDependencies": {
        "@angular/common": ">=16.0.0",
        "@angular/core": ">=16.0.0",
        "rxjs": "^6.5.5 || ^7.4.0"
      }
    },
    "node_modules/@noble/ed25519": {
      "version": "2.3.0",
      "resolved": "https://registry.npmjs.org/@noble/ed25519/-/ed25519-2.3.0.tgz",
      "integrity": "sha512-M7dvXL2B92/M7dw9+gzuydL8qn/jiqNHaoR3Q+cb1q1GHV7uwE17WCyFMG+Y+TZb5izcaXk5TdJRrDUxHXL78A==",
      "license": "MIT",
      "funding": {
        "url": "https://paulmillr.com/funding/"
      }
    },
    "node_modules/@noble/hashes": {
      "version": "2.2.0",
      "resolved": "https://registry.npmjs.org/@noble/hashes/-/hashes-2.2.0.tgz",
      "integrity": "sha512-IYqDGiTXab6FniAgnSdZwgWbomxpy9FtYvLKs7wCUs2a8RkITG+DFGO1DM9cr+E3/RgADRpFjrKVaJ1z6sjtEg==",
      "license": "MIT",
      "engines": {
        "node": ">= 20.19.0"
      },
      "funding": {
        "url": "https://paulmillr.com/funding/"
      }
    },
    "node_modules/@primeicons/angular": {
      "version": "8.0.0",
      "resolved": "https://registry.npmjs.org/@primeicons/angular/-/angular-8.0.0.tgz",
      "integrity": "sha512-WFpJ8xeXxae2tg/CHxauUxbdSsuem2k8la0CxKqyf6nhDFSss8jFop+S0vmixJfOAVZK/S+6OPQ73XRvhhTAiQ==",
      "license": "SEE LICENSE IN LICENSE.md",
      "dependencies": {
        "@primeicons/core": "8.0.0",
        "@primeuix/utils": "^0.8.0",
        "tslib": "^2"
      },
      "peerDependencies": {
        "@angular/core": ">=21"
      }
    },
    "node_modules/@primeicons/core": {
      "version": "8.0.0",
      "resolved": "https://registry.npmjs.org/@primeicons/core/-/core-8.0.0.tgz",
      "integrity": "sha512-vPif+sXxajXCSL2bmNBP0QYliJONVRgFVpCg9e7hGn7IG18JkMAm4fF5HVld1N4sDATkZQM7jKVxdZ8EK09Giw==",
      "license": "SEE LICENSE IN LICENSE.md",
      "dependencies": {
        "@primeuix/utils": "^0.8.0"
      }
    },
    "node_modules/@primeui/license-manager": {
      "version": "1.0.0",
      "resolved": "https://registry.npmjs.org/@primeui/license-manager/-/license-manager-1.0.0.tgz",
      "integrity": "sha512-89J7r8cclEqoHVwjOX1adPcB/blFSocpzuYlzmd+6r0gxzg2Vd4jM54TKXt9/qwAT/kOv4vYnHKZ6hcP2GFtfA==",
      "license": "SEE LICENSE IN LICENSE.md",
      "dependencies": {
        "@noble/ed25519": "2.3.0",
        "@noble/hashes": "2.2.0"
      }
    },
    "node_modules/@primeuix/motion": {
      "version": "1.0.0",
      "resolved": "https://registry.npmjs.org/@primeuix/motion/-/motion-1.0.0.tgz",
      "integrity": "sha512-rqpFRKmUVp9BI3YQKdok0rLUwzYShXzuuxy72Kq74xYRV14eR+4+XrIXOdyVs7j7CYV0ajYowiRpJCrVgdrq6A==",
      "license": "SEE LICENSE IN LICENSE.md",
      "dependencies": {
        "@primeuix/utils": "^0.8.0"
      },
      "engines": {
        "node": ">=12.11.0"
      }
    },
    "node_modules/@primeuix/styled": {
      "version": "1.0.0",
      "resolved": "https://registry.npmjs.org/@primeuix/styled/-/styled-1.0.0.tgz",
      "integrity": "sha512-6SXoeQWwKswSqTv1ygaXNfY7otHo6Rb9mxbKJK5WF8adWlZ6CtwmlNfIP+p8cH/zGccsei/5Bu7IetXlMoZGjQ==",
      "license": "SEE LICENSE IN LICENSE.md",
      "dependencies": {
        "@primeui/license-manager": "^1.0.0",
        "@primeuix/utils": "^0.8.0"
      },
      "engines": {
        "node": ">=12.11.0"
      }
    },
    "node_modules/@primeuix/styles": {
      "version": "3.0.0",
      "resolved": "https://registry.npmjs.org/@primeuix/styles/-/styles-3.0.0.tgz",
      "integrity": "sha512-nFsG2V0kbn3Q/fr0EV0Lxy2cKeW1F+WFXyxWI1CxWAAXW34mTCLkDd6OFbN5dP9hrSJOVaeXWzTdoonh1sdklQ==",
      "license": "SEE LICENSE IN LICENSE.md",
      "dependencies": {
        "@primeuix/styled": "^1.0.0"
      }
    },
    "node_modules/@primeuix/utils": {
      "version": "0.8.1",
      "resolved": "https://registry.npmjs.org/@primeuix/utils/-/utils-0.8.1.tgz",
      "integrity": "sha512-tMtdkSUEl8/6Lc5iNOp7zXMFKJGLyf7mxvS/Hf5GzHVfa2dvsnVmEn0I/i3+80oEmnsVlHhr9+8aM5cKw7vbHA==",
      "license": "SEE LICENSE IN LICENSE.md",
      "engines": {
        "node": ">=12.11.0"
      }
    },
    "node_modules/@rollup/rollup-linux-x64-gnu": {
      "version": "4.46.2",
      "resolved": "https://registry.npmjs.org/@rollup/rollup-linux-x64-gnu/-/rollup-linux-x64-gnu-4.46.2.tgz",
      "integrity": "sha512-Jj5a9RUoe5ra+MEyERkDKLwTXVu6s3aACP51nkfnK9wJTraCC8IMe3snOfALkrjTYd2G1ViE1hICj0fZ7ALBPA==",
      "cpu": [
        "x64"
      ],
      "license": "MIT",
      "optional": true,
      "os": [
        "linux"
      ]
    },
    "node_modules/@standard-schema/spec": {
      "version": "1.1.0",
      "resolved": "https://registry.npmjs.org/@standard-schema/spec/-/spec-1.1.0.tgz",
      "integrity": "sha512-l2aFy5jALhniG5HgqrD6jXLi/rUWrKvqN/qJx6yoJsgKhblVd+iqqU4RCXavm/jPityDo5TCvKMnpjKnOriy0w==",
      "license": "MIT"
    },
    "node_modules/chart.js": {
      "version": "4.5.1",
      "resolved": "https://registry.npmjs.org/chart.js/-/chart.js-4.5.1.tgz",
      "integrity": "sha512-GIjfiT9dbmHRiYi6Nl2yFCq7kkwdkp1W/lp2J99rX0yo9tgJGn3lKQATztIjb5tVtevcBtIdICNWqlq5+E8/Pw==",
      "license": "MIT",
      "dependencies": {
        "@kurkle/color": "^0.3.0"
      },
      "engines": {
        "pnpm": ">=8"
      }
    },
    "node_modules/entities": {
      "version": "8.0.0",
      "resolved": "https://registry.npmjs.org/entities/-/entities-8.0.0.tgz",
      "integrity": "sha512-zwfzJecQ/Uej6tusMqwAqU/6KL2XaB2VZ2Jg54Je6ahNBGNH6Ek6g3jjNCF0fG9EWQKGZNddNjU5F1ZQn/sBnA==",
      "license": "BSD-2-Clause",
      "engines": {
        "node": ">=20.19.0"
      },
      "funding": {
        "url": "https://github.com/fb55/entities?sponsor=1"
      }
    },
    "node_modules/lodash-es": {
      "version": "4.18.1",
      "resolved": "https://registry.npmjs.org/lodash-es/-/lodash-es-4.18.1.tgz",
      "integrity": "sha512-J8xewKD/Gk22OZbhpOVSwcs60zhd95ESDwezOFuA3/099925PdHJ7OFHNTGtajL3AlZkykD32HykiMo+BIBI8A==",
      "license": "MIT"
    },
    "node_modules/lucide-angular": {
      "version": "0.563.0",
      "resolved": "https://registry.npmjs.org/lucide-angular/-/lucide-angular-0.563.0.tgz",
      "integrity": "sha512-1zqu3beQeRTkTSd+o2gg5oip60iEsi3MyDFvenYelAZ1Y7ptH1d11+ft1QQy8HzoGgtV2twqlsmgfHIgNSWUjQ==",
      "deprecated": "Package deprecated. Please use @lucide/angular instead.",
      "license": "ISC",
      "dependencies": {
        "tslib": "^2.3.0"
      },
      "peerDependencies": {
        "@angular/common": "13.x - 21.x",
        "@angular/core": "13.x - 21.x"
      }
    },
    "node_modules/ng2-charts": {
      "version": "8.0.0",
      "resolved": "https://registry.npmjs.org/ng2-charts/-/ng2-charts-8.0.0.tgz",
      "integrity": "sha512-nofsNHI2Zt+EAwT+BJBVg0kgOhNo9ukO4CxULlaIi7VwZSr7I1km38kWSoU41Oq6os6qqIh5srnL+CcV+RFPFA==",
      "license": "MIT",
      "dependencies": {
        "lodash-es": "^4.17.15",
        "tslib": "^2.3.0"
      },
      "peerDependencies": {
        "@angular/cdk": ">=19.0.0",
        "@angular/common": ">=19.0.0",
        "@angular/core": ">=19.0.0",
        "@angular/platform-browser": ">=19.0.0",
        "chart.js": "^3.4.0 || ^4.0.0",
        "rxjs": "^6.5.3 || ^7.4.0"
      }
    },
    "node_modules/ngx-translate-messageformat-compiler": {
      "version": "7.3.0",
      "resolved": "https://registry.npmjs.org/ngx-translate-messageformat-compiler/-/ngx-translate-messageformat-compiler-7.3.0.tgz",
      "integrity": "sha512-bLDlOgyV8BKoxnBM0A4/D9mGxEOlmOavVwPhX/hPtejrKUVc3aWwhbJFUd9lwqVjmWfjb88GaPp46GRXWGfWHw==",
      "license": "MIT",
      "dependencies": {
        "tslib": "2.8.1"
      },
      "optionalDependencies": {
        "@rollup/rollup-linux-x64-gnu": "4.46.2"
      },
      "peerDependencies": {
        "@angular/core": ">=13.0.0",
        "@messageformat/core": "^3.2.0",
        "@ngx-translate/core": "^14.0.0 || ^15.0.0 || ^16.0.0 || ^17.0.0 || ^18.0.0"
      }
    },
    "node_modules/parse5": {
      "version": "8.0.1",
      "resolved": "https://registry.npmjs.org/parse5/-/parse5-8.0.1.tgz",
      "integrity": "sha512-z1e/HMG90obSGeidlli3hj7cbocou0/wa5HacvI3ASx34PecNjNQeaHNo5WIZpWofN9kgkqV1q5YvXe3F0FoPw==",
      "license": "MIT",
      "dependencies": {
        "entities": "^8.0.0"
      },
      "funding": {
        "url": "https://github.com/inikulin/parse5?sponsor=1"
      }
    },
    "node_modules/primeng": {
      "version": "22.0.0",
      "resolved": "https://registry.npmjs.org/primeng/-/primeng-22.0.0.tgz",
      "integrity": "sha512-6TJ3y1YoSNhp2Njp36lPkytgXHTNB4IoQslYMwn0iONK57nuHWXvRUATjYAAieGh+TNG0UMQxmSshnKpU7TlFA==",
      "license": "SEE LICENSE IN LICENSE.md",
      "dependencies": {
        "@primeicons/angular": "^8.0.0",
        "@primeui/license-manager": "^1.0.0",
        "@primeuix/motion": "^1.0.0",
        "@primeuix/styled": "^1.0.0",
        "@primeuix/styles": "^3.0.0",
        "@primeuix/utils": "^0.8.0",
        "tslib": "^2.3.0"
      },
      "peerDependencies": {
        "@angular/cdk": "^22.0.0",
        "@angular/common": "^22.0.0",
        "@angular/core": "^22.0.0",
        "@angular/forms": "^22.0.0",
        "@angular/platform-browser": "^22.0.0",
        "@angular/router": "^22.0.0",
        "rxjs": "^6.0.0 || ^7.8.1"
      }
    },
    "node_modules/rxjs": {
      "version": "7.8.2",
      "resolved": "https://registry.npmjs.org/rxjs/-/rxjs-7.8.2.tgz",
      "integrity": "sha512-dhKf903U/PQZY6boNNtAGdWbG85WAbjT/1xYoZIC7FAY0yWapOBQVsVrDl58W86//e1VpMNBtRV4MaXfdMySFA==",
      "license": "Apache-2.0",
      "dependencies": {
        "tslib": "^2.1.0"
      }
    },
    "node_modules/tslib": {
      "version": "2.8.1",
      "resolved": "https://registry.npmjs.org/tslib/-/tslib-2.8.1.tgz",
      "integrity": "sha512-oJFu94HQb+KVduSUQL7wnpmqnfmLsOA/nAh6b6EH0wCEoK0/mPeXU6c3wKDV83MkOuHPRHtSXKKU99IBazS/2w==",
      "license": "0BSD"
    },
    "node_modules/zod": {
      "version": "4.4.3",
      "resolved": "https://registry.npmjs.org/zod/-/zod-4.4.3.tgz",
      "integrity": "sha512-ytENFjIJFl2UwYglde2jchW2Hwm4GJFLDiSXWdTrJQBIN9Fcyp7n4DhxJEiWNAJMV1/BqWfW/kkg71UDcHJyTQ==",
      "license": "MIT",
      "funding": {
        "url": "https://github.com/sponsors/colinhacks"
      }
    }
  }
}
