{
  "name": "@nafura/platform-web",
  "version": "0.0.0",
  "lockfileVersion": 3,
  "requires": true,
  "packages": {
    "": {
      "name": "@nafura/platform-web",
      "version": "0.0.0",
      "dependencies": {
        "@angular/cdk": "^19.0.0",
        "@angular/common": "^19.0.0",
        "@angular/core": "^19.0.0",
        "@angular/forms": "^19.0.0",
        "@angular/material": "^19.2.19",
        "@angular/platform-browser": "^19.0.0",
        "@angular/router": "^19.0.0",
        "@ngx-translate/core": "^15.0.0",
        "chart.js": "^4.5.1",
        "lucide-angular": "^0.563.0",
        "ng2-charts": "^8.0.0",
        "ngx-translate-messageformat-compiler": "^7.2.0",
        "primeng": "^19.1.4",
        "rxjs": "~7.8.1"
      },
      "peerDependencies": {
        "@angular/cdk": "^19.0.0",
        "@angular/common": "^19.0.0",
        "@angular/core": "^19.0.0",
        "@angular/forms": "^19.0.0",
        "@angular/material": "^19.2.19",
        "@angular/platform-browser": "^19.0.0",
        "@angular/router": "^19.0.0",
        "@ngx-translate/core": "^15.0.0",
        "chart.js": "^4.5.1",
        "lucide-angular": "^0.563.0",
        "ng2-charts": "^8.0.0",
        "ngx-translate-messageformat-compiler": "^7.2.0",
        "primeng": "^19.1.4",
        "rxjs": "~7.8.1"
      }
    },
    "node_modules/@angular/animations": {
      "version": "19.2.25",
      "resolved": "https://registry.npmjs.org/@angular/animations/-/animations-19.2.25.tgz",
      "integrity": "sha512-1IE7wuC3ecAumb7ZQHCugV1jsSl93j0omX7BAWwwmM8C7Xo//fZcO/ad/IFfn0zV/VCBAhOAFBUKUIVAGpsylw==",
      "license": "MIT",
      "peer": true,
      "dependencies": {
        "tslib": "^2.3.0"
      },
      "engines": {
        "node": "^18.19.1 || ^20.11.1 || >=22.0.0"
      },
      "peerDependencies": {
        "@angular/common": "19.2.25",
        "@angular/core": "19.2.25"
      }
    },
    "node_modules/@angular/cdk": {
      "version": "19.2.19",
      "resolved": "https://registry.npmjs.org/@angular/cdk/-/cdk-19.2.19.tgz",
      "integrity": "sha512-PCpJagurPBqciqcq4Z8+3OtKLb7rSl4w/qBJoIMua8CgnrjvA1i+SWawhdtfI1zlY8FSwhzLwXV0CmWWfFzQPg==",
      "license": "MIT",
      "peer": true,
      "dependencies": {
        "parse5": "^7.1.2",
        "tslib": "^2.3.0"
      },
      "peerDependencies": {
        "@angular/common": "^19.0.0 || ^20.0.0",
        "@angular/core": "^19.0.0 || ^20.0.0",
        "rxjs": "^6.5.3 || ^7.4.0"
      }
    },
    "node_modules/@angular/common": {
      "version": "19.2.25",
      "resolved": "https://registry.npmjs.org/@angular/common/-/common-19.2.25.tgz",
      "integrity": "sha512-WteFLyfDPvilzpSGHk64bqowa4NnHdbjNl1xXeGr038fgTjp0l0NdiUPqeDtYT4pf5lWl6477pPoQN7o//NyyQ==",
      "license": "MIT",
      "peer": true,
      "dependencies": {
        "tslib": "^2.3.0"
      },
      "engines": {
        "node": "^18.19.1 || ^20.11.1 || >=22.0.0"
      },
      "peerDependencies": {
        "@angular/core": "19.2.25",
        "rxjs": "^6.5.3 || ^7.4.0"
      }
    },
    "node_modules/@angular/core": {
      "version": "19.2.25",
      "resolved": "https://registry.npmjs.org/@angular/core/-/core-19.2.25.tgz",
      "integrity": "sha512-j7/irbbdO4rmZfRXS+sphCerzgcRlpGFwxHc/76Ual+ckwJG0MPsNFkllz2SIEZzE1EZkmIunGrHbjeRBJjyvg==",
      "license": "MIT",
      "peer": true,
      "dependencies": {
        "tslib": "^2.3.0"
      },
      "engines": {
        "node": "^18.19.1 || ^20.11.1 || >=22.0.0"
      },
      "peerDependencies": {
        "rxjs": "^6.5.3 || ^7.4.0",
        "zone.js": "~0.15.0"
      }
    },
    "node_modules/@angular/forms": {
      "version": "19.2.25",
      "resolved": "https://registry.npmjs.org/@angular/forms/-/forms-19.2.25.tgz",
      "integrity": "sha512-lbuhZiuNKy8vcIHFSP7sOW5kfHSVDiVsXh2/+rWjqGklscfUG5cTK9F9d+k60CH24OhK0NgRKoCHiAK5zPQi2g==",
      "license": "MIT",
      "peer": true,
      "dependencies": {
        "tslib": "^2.3.0"
      },
      "engines": {
        "node": "^18.19.1 || ^20.11.1 || >=22.0.0"
      },
      "peerDependencies": {
        "@angular/common": "19.2.25",
        "@angular/core": "19.2.25",
        "@angular/platform-browser": "19.2.25",
        "rxjs": "^6.5.3 || ^7.4.0"
      }
    },
    "node_modules/@angular/material": {
      "version": "19.2.19",
      "resolved": "https://registry.npmjs.org/@angular/material/-/material-19.2.19.tgz",
      "integrity": "sha512-auIE6JUzTIA3LyYklh9J/T7u64crmphxUBgAa0zcOMDog6SYfwbNe9YeLQqua5ek4OUAOdK/BHHfVl5W5iaUoQ==",
      "license": "MIT",
      "dependencies": {
        "tslib": "^2.3.0"
      },
      "peerDependencies": {
        "@angular/cdk": "19.2.19",
        "@angular/common": "^19.0.0 || ^20.0.0",
        "@angular/core": "^19.0.0 || ^20.0.0",
        "@angular/forms": "^19.0.0 || ^20.0.0",
        "@angular/platform-browser": "^19.0.0 || ^20.0.0",
        "rxjs": "^6.5.3 || ^7.4.0"
      }
    },
    "node_modules/@angular/platform-browser": {
      "version": "19.2.25",
      "resolved": "https://registry.npmjs.org/@angular/platform-browser/-/platform-browser-19.2.25.tgz",
      "integrity": "sha512-UF7cyBnMF3puA/cGy3MXbiPB2Rlw0Umf78XH664Iwqsb37A+TxqzOPaByXsNTIbpV6/h28yO3dMvDVFT3aOvOA==",
      "license": "MIT",
      "peer": true,
      "dependencies": {
        "tslib": "^2.3.0"
      },
      "engines": {
        "node": "^18.19.1 || ^20.11.1 || >=22.0.0"
      },
      "peerDependencies": {
        "@angular/animations": "19.2.25",
        "@angular/common": "19.2.25",
        "@angular/core": "19.2.25"
      },
      "peerDependenciesMeta": {
        "@angular/animations": {
          "optional": true
        }
      }
    },
    "node_modules/@angular/router": {
      "version": "19.2.25",
      "resolved": "https://registry.npmjs.org/@angular/router/-/router-19.2.25.tgz",
      "integrity": "sha512-IddC2vPiagB2jAsUrNuAr74p+OirWaroouvPkUjzPmyQ+12/0EsygHamsgUbsCVLXJKh72oqnD+xViN0AMguOA==",
      "license": "MIT",
      "peer": true,
      "dependencies": {
        "tslib": "^2.3.0"
      },
      "engines": {
        "node": "^18.19.1 || ^20.11.1 || >=22.0.0"
      },
      "peerDependencies": {
        "@angular/common": "19.2.25",
        "@angular/core": "19.2.25",
        "@angular/platform-browser": "19.2.25",
        "rxjs": "^6.5.3 || ^7.4.0"
      }
    },
    "node_modules/@kurkle/color": {
      "version": "0.3.4",
      "resolved": "https://registry.npmjs.org/@kurkle/color/-/color-0.3.4.tgz",
      "integrity": "sha512-M5UknZPHRu3DEDWoipU6sE8PdkZ6Z/S+v4dD+Ke8IaNlpdSQah50lz1KtcFBa2vsdOnwbbnxJwVM4wty6udA5w==",
      "license": "MIT"
    },
    "node_modules/@messageformat/core": {
      "version": "3.4.0",
      "resolved": "https://registry.npmjs.org/@messageformat/core/-/core-3.4.0.tgz",
      "integrity": "sha512-NgCFubFFIdMWJGN5WuQhHCNmzk7QgiVfrViFxcS99j7F5dDS5EP6raR54I+2ydhe4+5/XTn/YIEppFaqqVWHsw==",
      "license": "MIT",
      "peer": true,
      "dependencies": {
        "@messageformat/date-skeleton": "^1.0.0",
        "@messageformat/number-skeleton": "^1.0.0",
        "@messageformat/parser": "^5.1.0",
        "@messageformat/runtime": "^3.0.1",
        "make-plural": "^7.0.0",
        "safe-identifier": "^0.4.1"
      }
    },
    "node_modules/@messageformat/date-skeleton": {
      "version": "1.1.0",
      "resolved": "https://registry.npmjs.org/@messageformat/date-skeleton/-/date-skeleton-1.1.0.tgz",
      "integrity": "sha512-rmGAfB1tIPER+gh3p/RgA+PVeRE/gxuQ2w4snFWPF5xtb5mbWR7Cbw7wCOftcUypbD6HVoxrVdyyghPm3WzP5A==",
      "license": "MIT"
    },
    "node_modules/@messageformat/number-skeleton": {
      "version": "1.2.0",
      "resolved": "https://registry.npmjs.org/@messageformat/number-skeleton/-/number-skeleton-1.2.0.tgz",
      "integrity": "sha512-xsgwcL7J7WhlHJ3RNbaVgssaIwcEyFkBqxHdcdaiJzwTZAWEOD8BuUFxnxV9k5S0qHN3v/KzUpq0IUpjH1seRg==",
      "license": "MIT"
    },
    "node_modules/@messageformat/parser": {
      "version": "5.1.1",
      "resolved": "https://registry.npmjs.org/@messageformat/parser/-/parser-5.1.1.tgz",
      "integrity": "sha512-3p0YRGCcTUCYvBKLIxtDDyrJ0YijGIwrTRu1DT8gIviIDZru8H23+FkY6MJBzM1n9n20CiM4VeDYuBsrrwnLjg==",
      "license": "MIT",
      "dependencies": {
        "moo": "^0.5.1"
      }
    },
    "node_modules/@messageformat/runtime": {
      "version": "3.0.2",
      "resolved": "https://registry.npmjs.org/@messageformat/runtime/-/runtime-3.0.2.tgz",
      "integrity": "sha512-dkIPDCjXcfhSHgNE1/qV6TeczQZR59Yx0xXeafVKgK3QVWoxc38ljwpksUpnzCGvN151KUbCJTDZVmahtf1YZw==",
      "license": "MIT",
      "dependencies": {
        "make-plural": "^7.0.0"
      }
    },
    "node_modules/@ngx-translate/core": {
      "version": "15.0.0",
      "resolved": "https://registry.npmjs.org/@ngx-translate/core/-/core-15.0.0.tgz",
      "integrity": "sha512-Am5uiuR0bOOxyoercDnAA3rJVizo4RRqJHo8N3RqJ+XfzVP/I845yEnMADykOHvM6HkVm4SZSnJBOiz0Anx5BA==",
      "license": "SEE LICENSE IN LICENSE",
      "peer": true,
      "engines": {
        "node": "^16.13.0 || >=18.10.0"
      },
      "peerDependencies": {
        "@angular/common": ">=16.0.0",
        "@angular/core": ">=16.0.0",
        "rxjs": "^6.5.5 || ^7.4.0"
      }
    },
    "node_modules/@primeuix/styled": {
      "version": "0.3.2",
      "resolved": "https://registry.npmjs.org/@primeuix/styled/-/styled-0.3.2.tgz",
      "integrity": "sha512-ColZes0+/WKqH4ob2x8DyNYf1NENpe5ZguOvx5yCLxaP8EIMVhLjWLO/3umJiDnQU4XXMLkn2mMHHw+fhTX/mw==",
      "license": "MIT",
      "dependencies": {
        "@primeuix/utils": "^0.3.2"
      },
      "engines": {
        "node": ">=12.11.0"
      }
    },
    "node_modules/@primeuix/utils": {
      "version": "0.3.2",
      "resolved": "https://registry.npmjs.org/@primeuix/utils/-/utils-0.3.2.tgz",
      "integrity": "sha512-B+nphqTQeq+i6JuICLdVWnDMjONome2sNz0xI65qIOyeB4EF12CoKRiCsxuZ5uKAkHi/0d1LqlQ9mIWRSdkavw==",
      "license": "MIT",
      "engines": {
        "node": ">=12.11.0"
      }
    },
    "node_modules/@rollup/rollup-linux-x64-gnu": {
      "version": "4.46.2",
      "resolved": "https://registry.npmjs.org/@rollup/rollup-linux-x64-gnu/-/rollup-linux-x64-gnu-4.46.2.tgz",
      "integrity": "sha512-Jj5a9RUoe5ra+MEyERkDKLwTXVu6s3aACP51nkfnK9wJTraCC8IMe3snOfALkrjTYd2G1ViE1hICj0fZ7ALBPA==",
      "cpu": [
        "x64"
      ],
      "license": "MIT",
      "optional": true,
      "os": [
        "linux"
      ]
    },
    "node_modules/chart.js": {
      "version": "4.5.1",
      "resolved": "https://registry.npmjs.org/chart.js/-/chart.js-4.5.1.tgz",
      "integrity": "sha512-GIjfiT9dbmHRiYi6Nl2yFCq7kkwdkp1W/lp2J99rX0yo9tgJGn3lKQATztIjb5tVtevcBtIdICNWqlq5+E8/Pw==",
      "license": "MIT",
      "peer": true,
      "dependencies": {
        "@kurkle/color": "^0.3.0"
      },
      "engines": {
        "pnpm": ">=8"
      }
    },
    "node_modules/entities": {
      "version": "6.0.1",
      "resolved": "https://registry.npmjs.org/entities/-/entities-6.0.1.tgz",
      "integrity": "sha512-aN97NXWF6AWBTahfVOIrB/NShkzi5H7F9r1s9mD3cDj4Ko5f2qhhVoYMibXF7GlLveb/D2ioWay8lxI97Ven3g==",
      "license": "BSD-2-Clause",
      "engines": {
        "node": ">=0.12"
      },
      "funding": {
        "url": "https://github.com/fb55/entities?sponsor=1"
      }
    },
    "node_modules/lodash-es": {
      "version": "4.18.1",
      "resolved": "https://registry.npmjs.org/lodash-es/-/lodash-es-4.18.1.tgz",
      "integrity": "sha512-J8xewKD/Gk22OZbhpOVSwcs60zhd95ESDwezOFuA3/099925PdHJ7OFHNTGtajL3AlZkykD32HykiMo+BIBI8A==",
      "license": "MIT"
    },
    "node_modules/lucide-angular": {
      "version": "0.563.0",
      "resolved": "https://registry.npmjs.org/lucide-angular/-/lucide-angular-0.563.0.tgz",
      "integrity": "sha512-1zqu3beQeRTkTSd+o2gg5oip60iEsi3MyDFvenYelAZ1Y7ptH1d11+ft1QQy8HzoGgtV2twqlsmgfHIgNSWUjQ==",
      "deprecated": "Package deprecated. Please use @lucide/angular instead.",
      "license": "ISC",
      "dependencies": {
        "tslib": "^2.3.0"
      },
      "peerDependencies": {
        "@angular/common": "13.x - 21.x",
        "@angular/core": "13.x - 21.x"
      }
    },
    "node_modules/make-plural": {
      "version": "7.5.0",
      "resolved": "https://registry.npmjs.org/make-plural/-/make-plural-7.5.0.tgz",
      "integrity": "sha512-0booA+aVYyVFoR67JBHdfVk0U08HmrBH2FrtmBqBa+NldlqXv/G2Z9VQuQq6Wgp2jDWdybEWGfBkk1cq5264WA==",
      "license": "Unicode-DFS-2016"
    },
    "node_modules/moo": {
      "version": "0.5.3",
      "resolved": "https://registry.npmjs.org/moo/-/moo-0.5.3.tgz",
      "integrity": "sha512-m2fmM2dDm7GZQsY7KK2cme8agi+AAljILjQnof7p1ZMDe6dQ4bdnSMx0cPppudoeNv5hEFQirN6u+O4fDE0IWA==",
      "license": "BSD-3-Clause"
    },
    "node_modules/ng2-charts": {
      "version": "8.0.0",
      "resolved": "https://registry.npmjs.org/ng2-charts/-/ng2-charts-8.0.0.tgz",
      "integrity": "sha512-nofsNHI2Zt+EAwT+BJBVg0kgOhNo9ukO4CxULlaIi7VwZSr7I1km38kWSoU41Oq6os6qqIh5srnL+CcV+RFPFA==",
      "license": "MIT",
      "dependencies": {
        "lodash-es": "^4.17.15",
        "tslib": "^2.3.0"
      },
      "peerDependencies": {
        "@angular/cdk": ">=19.0.0",
        "@angular/common": ">=19.0.0",
        "@angular/core": ">=19.0.0",
        "@angular/platform-browser": ">=19.0.0",
        "chart.js": "^3.4.0 || ^4.0.0",
        "rxjs": "^6.5.3 || ^7.4.0"
      }
    },
    "node_modules/ngx-translate-messageformat-compiler": {
      "version": "7.3.0",
      "resolved": "https://registry.npmjs.org/ngx-translate-messageformat-compiler/-/ngx-translate-messageformat-compiler-7.3.0.tgz",
      "integrity": "sha512-bLDlOgyV8BKoxnBM0A4/D9mGxEOlmOavVwPhX/hPtejrKUVc3aWwhbJFUd9lwqVjmWfjb88GaPp46GRXWGfWHw==",
      "license": "MIT",
      "dependencies": {
        "tslib": "2.8.1"
      },
      "optionalDependencies": {
        "@rollup/rollup-linux-x64-gnu": "4.46.2"
      },
      "peerDependencies": {
        "@angular/core": ">=13.0.0",
        "@messageformat/core": "^3.2.0",
        "@ngx-translate/core": "^14.0.0 || ^15.0.0 || ^16.0.0 || ^17.0.0 || ^18.0.0"
      }
    },
    "node_modules/parse5": {
      "version": "7.3.0",
      "resolved": "https://registry.npmjs.org/parse5/-/parse5-7.3.0.tgz",
      "integrity": "sha512-IInvU7fabl34qmi9gY8XOVxhYyMyuH2xUNpb2q8/Y+7552KlejkRvqvD19nMoUW/uQGGbqNpA6Tufu5FL5BZgw==",
      "license": "MIT",
      "dependencies": {
        "entities": "^6.0.0"
      },
      "funding": {
        "url": "https://github.com/inikulin/parse5?sponsor=1"
      }
    },
    "node_modules/primeng": {
      "version": "19.1.4",
      "resolved": "https://registry.npmjs.org/primeng/-/primeng-19.1.4.tgz",
      "integrity": "sha512-l5l8SHTxopxxyyXZx1BvbQ11P7ndLv2Qp8H5k2/+OCi65jTZn4xmtrBDGDs7k2K5UMHSqAnGjBgtpbckyqQETg==",
      "license": "SEE LICENSE IN LICENSE.md",
      "dependencies": {
        "@primeuix/styled": "^0.3.2",
        "@primeuix/utils": "^0.3.2",
        "tslib": "^2.3.0"
      },
      "peerDependencies": {
        "@angular/animations": "^19.0.0",
        "@angular/cdk": "^19.0.0",
        "@angular/common": "^19.0.0",
        "@angular/core": "^19.0.0",
        "@angular/forms": "^19.0.0",
        "@angular/platform-browser": "^19.0.0",
        "@angular/router": "^19.0.0",
        "rxjs": "^6.0.0 || ^7.8.1"
      }
    },
    "node_modules/rxjs": {
      "version": "7.8.2",
      "resolved": "https://registry.npmjs.org/rxjs/-/rxjs-7.8.2.tgz",
      "integrity": "sha512-dhKf903U/PQZY6boNNtAGdWbG85WAbjT/1xYoZIC7FAY0yWapOBQVsVrDl58W86//e1VpMNBtRV4MaXfdMySFA==",
      "license": "Apache-2.0",
      "peer": true,
      "dependencies": {
        "tslib": "^2.1.0"
      }
    },
    "node_modules/safe-identifier": {
      "version": "0.4.2",
      "resolved": "https://registry.npmjs.org/safe-identifier/-/safe-identifier-0.4.2.tgz",
      "integrity": "sha512-6pNbSMW6OhAi9j+N8V+U715yBQsaWJ7eyEUaOrawX+isg5ZxhUlV1NipNtgaKHmFGiABwt+ZF04Ii+3Xjkg+8w==",
      "license": "ISC"
    },
    "node_modules/tslib": {
      "version": "2.8.1",
      "resolved": "https://registry.npmjs.org/tslib/-/tslib-2.8.1.tgz",
      "integrity": "sha512-oJFu94HQb+KVduSUQL7wnpmqnfmLsOA/nAh6b6EH0wCEoK0/mPeXU6c3wKDV83MkOuHPRHtSXKKU99IBazS/2w==",
      "license": "0BSD"
    },
    "node_modules/zone.js": {
      "version": "0.15.1",
      "resolved": "https://registry.npmjs.org/zone.js/-/zone.js-0.15.1.tgz",
      "integrity": "sha512-XE96n56IQpJM7NAoXswY3XRLcWFW83xe0BiAOeMD7K5k5xecOeul3Qcpx6GqEeeHNkW5DWL5zOyTbEfB4eti8w==",
      "license": "MIT",
      "peer": true
    }
  }
}
